
Microsoft Visual Studio Solution File, Format Version 12.00
# Visual Studio 15
VisualStudioVersion = 15.0.28010.2016
MinimumVisualStudioVersion = 10.0.40219.1
Project("{FAE04EC0-301F-11D3-BF4B-00C04F79EFBC}") = "Ex4", "Ex4\Ex4.csproj", "{D160F3B2-655E-4522-99EF-8F8BF6A749EF}"
EndProject
Global
	GlobalSection(SolutionConfigurationPlatforms) = preSolution
		Debug|Any CPU = Debug|Any CPU
		Release|Any CPU = Release|Any CPU
	EndGlobalSection
	GlobalSection(ProjectConfigurationPlatforms) = postSolution
		{D160F3B2-655E-4522-99EF-8F8BF6A749EF}.Debug|Any CPU.ActiveCfg = Debug|Any CPU
		{D160F3B2-655E-4522-99EF-8F8BF6A749EF}.Debug|Any CPU.Build.0 = Debug|Any CPU
		{D160F3B2-655E-4522-99EF-8F8BF6A749EF}.Release|Any CPU.ActiveCfg = Release|Any CPU
		{D160F3B2-655E-4522-99EF-8F8BF6A749EF}.Release|Any CPU.Build.0 = Release|Any CPU
	EndGlobalSection
	GlobalSection(SolutionProperties) = preSolution
		HideSolutionNode = FALSE
	EndGlobalSection
	GlobalSection(ExtensibilityGlobals) = postSolution
		SolutionGuid = {F859CC3D-4EF0-494B-9D3F-217583E86734}
	EndGlobalSection
EndGlobal
