
Microsoft Visual Studio Solution File, Format Version 12.00
# Visual Studio 15
VisualStudioVersion = 15.0.28010.2016
MinimumVisualStudioVersion = 10.0.40219.1
Project("{FAE04EC0-301F-11D3-BF4B-00C04F79EFBC}") = "Ex1", "Ex1\Ex1.csproj", "{FC132E19-6162-4F35-9867-837731602374}"
EndProject
Global
	GlobalSection(SolutionConfigurationPlatforms) = preSolution
		Debug|Any CPU = Debug|Any CPU
		Release|Any CPU = Release|Any CPU
	EndGlobalSection
	GlobalSection(ProjectConfigurationPlatforms) = postSolution
		{FC132E19-6162-4F35-9867-837731602374}.Debug|Any CPU.ActiveCfg = Debug|Any CPU
		{FC132E19-6162-4F35-9867-837731602374}.Debug|Any CPU.Build.0 = Debug|Any CPU
		{FC132E19-6162-4F35-9867-837731602374}.Release|Any CPU.ActiveCfg = Release|Any CPU
		{FC132E19-6162-4F35-9867-837731602374}.Release|Any CPU.Build.0 = Release|Any CPU
	EndGlobalSection
	GlobalSection(SolutionProperties) = preSolution
		HideSolutionNode = FALSE
	EndGlobalSection
	GlobalSection(ExtensibilityGlobals) = postSolution
		SolutionGuid = {A1FA18D5-1300-44C7-9E0D-2F3623883DB8}
	EndGlobalSection
EndGlobal
